
Microsoft Visual Studio Solution File, Format Version 12.00
# Visual Studio Version 17
VisualStudioVersion = 17.10.35122.118
MinimumVisualStudioVersion = 10.0.40219.1
Project("{9A19103F-16F7-4668-BE54-9A1E7A4F7556}") = "Resolve360.Server", "Resolve360.Server\Resolve360.Server.csproj", "{01020D23-C4C6-4923-87C7-9213B589E33F}"
EndProject
Project("{9A19103F-16F7-4668-BE54-9A1E7A4F7556}") = "BusinessObjects", "BusinessObjects\BusinessObjects.csproj", "{44FE1065-D29F-4BC9-A87C-B3A367E0B442}"
EndProject
Project("{9A19103F-16F7-4668-BE54-9A1E7A4F7556}") = "Data", "Data\Data.csproj", "{A6238CB1-C7AB-4063-8DBE-334F96EE85EB}"
EndProject
Project("{9A19103F-16F7-4668-BE54-9A1E7A4F7556}") = "Entities", "Entities\Entities.csproj", "{88416D59-6EFF-45D5-922E-4C3BA07E37CD}"
EndProject
Project("{9A19103F-16F7-4668-BE54-9A1E7A4F7556}") = "Infra", "Infra\Infra.csproj", "{9060C250-8499-4EFF-B29B-DB711E9AA662}"
EndProject
Project("{9A19103F-16F7-4668-BE54-9A1E7A4F7556}") = "Shared", "Shared\Shared.csproj", "{75FF39D8-D972-4279-A371-665C7BDFC4CF}"
EndProject
Project("{9A19103F-16F7-4668-BE54-9A1E7A4F7556}") = "Data.Console", "Data.Console\Data.Console.csproj", "{C051C726-FB7E-46C6-AFC4-AEE0267FA1DC}"
EndProject
Global
	GlobalSection(SolutionConfigurationPlatforms) = preSolution
		Debug|Any CPU = Debug|Any CPU
		Release|Any CPU = Release|Any CPU
	EndGlobalSection
	GlobalSection(ProjectConfigurationPlatforms) = postSolution
		{01020D23-C4C6-4923-87C7-9213B589E33F}.Debug|Any CPU.ActiveCfg = Debug|Any CPU
		{01020D23-C4C6-4923-87C7-9213B589E33F}.Debug|Any CPU.Build.0 = Debug|Any CPU
		{01020D23-C4C6-4923-87C7-9213B589E33F}.Release|Any CPU.ActiveCfg = Release|Any CPU
		{01020D23-C4C6-4923-87C7-9213B589E33F}.Release|Any CPU.Build.0 = Release|Any CPU
		{44FE1065-D29F-4BC9-A87C-B3A367E0B442}.Debug|Any CPU.ActiveCfg = Debug|Any CPU
		{44FE1065-D29F-4BC9-A87C-B3A367E0B442}.Debug|Any CPU.Build.0 = Debug|Any CPU
		{44FE1065-D29F-4BC9-A87C-B3A367E0B442}.Release|Any CPU.ActiveCfg = Release|Any CPU
		{44FE1065-D29F-4BC9-A87C-B3A367E0B442}.Release|Any CPU.Build.0 = Release|Any CPU
		{A6238CB1-C7AB-4063-8DBE-334F96EE85EB}.Debug|Any CPU.ActiveCfg = Debug|Any CPU
		{A6238CB1-C7AB-4063-8DBE-334F96EE85EB}.Debug|Any CPU.Build.0 = Debug|Any CPU
		{A6238CB1-C7AB-4063-8DBE-334F96EE85EB}.Release|Any CPU.ActiveCfg = Release|Any CPU
		{A6238CB1-C7AB-4063-8DBE-334F96EE85EB}.Release|Any CPU.Build.0 = Release|Any CPU
		{88416D59-6EFF-45D5-922E-4C3BA07E37CD}.Debug|Any CPU.ActiveCfg = Debug|Any CPU
		{88416D59-6EFF-45D5-922E-4C3BA07E37CD}.Debug|Any CPU.Build.0 = Debug|Any CPU
		{88416D59-6EFF-45D5-922E-4C3BA07E37CD}.Release|Any CPU.ActiveCfg = Release|Any CPU
		{88416D59-6EFF-45D5-922E-4C3BA07E37CD}.Release|Any CPU.Build.0 = Release|Any CPU
		{9060C250-8499-4EFF-B29B-DB711E9AA662}.Debug|Any CPU.ActiveCfg = Debug|Any CPU
		{9060C250-8499-4EFF-B29B-DB711E9AA662}.Debug|Any CPU.Build.0 = Debug|Any CPU
		{9060C250-8499-4EFF-B29B-DB711E9AA662}.Release|Any CPU.ActiveCfg = Release|Any CPU
		{9060C250-8499-4EFF-B29B-DB711E9AA662}.Release|Any CPU.Build.0 = Release|Any CPU
		{75FF39D8-D972-4279-A371-665C7BDFC4CF}.Debug|Any CPU.ActiveCfg = Debug|Any CPU
		{75FF39D8-D972-4279-A371-665C7BDFC4CF}.Debug|Any CPU.Build.0 = Debug|Any CPU
		{75FF39D8-D972-4279-A371-665C7BDFC4CF}.Release|Any CPU.ActiveCfg = Release|Any CPU
		{75FF39D8-D972-4279-A371-665C7BDFC4CF}.Release|Any CPU.Build.0 = Release|Any CPU
		{C051C726-FB7E-46C6-AFC4-AEE0267FA1DC}.Debug|Any CPU.ActiveCfg = Debug|Any CPU
		{C051C726-FB7E-46C6-AFC4-AEE0267FA1DC}.Debug|Any CPU.Build.0 = Debug|Any CPU
		{C051C726-FB7E-46C6-AFC4-AEE0267FA1DC}.Release|Any CPU.ActiveCfg = Release|Any CPU
		{C051C726-FB7E-46C6-AFC4-AEE0267FA1DC}.Release|Any CPU.Build.0 = Release|Any CPU
	EndGlobalSection
	GlobalSection(SolutionProperties) = preSolution
		HideSolutionNode = FALSE
	EndGlobalSection
	GlobalSection(ExtensibilityGlobals) = postSolution
		SolutionGuid = {984AEBC3-85D4-4B9A-9165-775BF784AE35}
	EndGlobalSection
EndGlobal
